
Microsoft Visual Studio Solution File, Format Version 12.00
# Visual Studio 2012
Project("{FAE04EC0-301F-11D3-BF4B-00C04F79EFBC}") = "ReadFromXML", "WindowsFormsApplication1\ReadFromXML.csproj", "{EE5D9330-E5F2-4382-B9A0-BD8D5A186BEE}"
EndProject
Global
	GlobalSection(SolutionConfigurationPlatforms) = preSolution
		Debug|Any CPU = Debug|Any CPU
		Release|Any CPU = Release|Any CPU
	EndGlobalSection
	GlobalSection(ProjectConfigurationPlatforms) = postSolution
		{EE5D9330-E5F2-4382-B9A0-BD8D5A186BEE}.Debug|Any CPU.ActiveCfg = Debug|Any CPU
		{EE5D9330-E5F2-4382-B9A0-BD8D5A186BEE}.Debug|Any CPU.Build.0 = Debug|Any CPU
		{EE5D9330-E5F2-4382-B9A0-BD8D5A186BEE}.Release|Any CPU.ActiveCfg = Release|Any CPU
		{EE5D9330-E5F2-4382-B9A0-BD8D5A186BEE}.Release|Any CPU.Build.0 = Release|Any CPU
	EndGlobalSection
	GlobalSection(SolutionProperties) = preSolution
		HideSolutionNode = FALSE
	EndGlobalSection
EndGlobal
